// !$*UTF8*$!
{
	archiveVersion = 1;
	classes = {
	};
	objectVersion = 51;
	objects = {

/* Begin PBXBuildFile section */
		13199A437CE99B14BDD5EABA /* Pods_rIpMovies.framework in Frameworks */ = {isa = PBXBuildFile; fileRef = 8CB9ACC57CA28879FBD83448 /* Pods_rIpMovies.framework */; };
		243AEE0323EA3DAF00709E9D /* MovieDetailsViewController.swift in Sources */ = {isa = PBXBuildFile; fileRef = 243AEE0223EA3DAF00709E9D /* MovieDetailsViewController.swift */; };
		243AEE0523EA4B1100709E9D /* MovieGridViewController.swift in Sources */ = {isa = PBXBuildFile; fileRef = 243AEE0423EA4B1100709E9D /* MovieGridViewController.swift */; };
		243AEE0723EA5D2500709E9D /* MovieGridCell.swift in Sources */ = {isa = PBXBuildFile; fileRef = 243AEE0623EA5D2500709E9D /* MovieGridCell.swift */; };
		24568E7623E0EC8100EEC00F /* AppDelegate.swift in Sources */ = {isa = PBXBuildFile; fileRef = 24568E7523E0EC8100EEC00F /* AppDelegate.swift */; };
		24568E7823E0EC8100EEC00F /* SceneDelegate.swift in Sources */ = {isa = PBXBuildFile; fileRef = 24568E7723E0EC8100EEC00F /* SceneDelegate.swift */; };
		24568E7D23E0EC8100EEC00F /* Main.storyboard in Resources */ = {isa = PBXBuildFile; fileRef = 24568E7B23E0EC8100EEC00F /* Main.storyboard */; };
		24568E7F23E0EC8300EEC00F /* Assets.xcassets in Resources */ = {isa = PBXBuildFile; fileRef = 24568E7E23E0EC8300EEC00F /* Assets.xcassets */; };
		24568E8223E0EC8300EEC00F /* LaunchScreen.storyboard in Resources */ = {isa = PBXBuildFile; fileRef = 24568E8023E0EC8300EEC00F /* LaunchScreen.storyboard */; };
		24568E8D23E0EC8300EEC00F /* rIpMoviesTests.swift in Sources */ = {isa = PBXBuildFile; fileRef = 24568E8C23E0EC8300EEC00F /* rIpMoviesTests.swift */; };
		24568E9823E0EC8300EEC00F /* rIpMoviesUITests.swift in Sources */ = {isa = PBXBuildFile; fileRef = 24568E9723E0EC8300EEC00F /* rIpMoviesUITests.swift */; };
		24568EA623E0FB4600EEC00F /* ripMoviesViewController.swift in Sources */ = {isa = PBXBuildFile; fileRef = 24568EA523E0FB4600EEC00F /* ripMoviesViewController.swift */; };
		24568EA823E104ED00EEC00F /* movieCell.swift in Sources */ = {isa = PBXBuildFile; fileRef = 24568EA723E104ED00EEC00F /* movieCell.swift */; };
		AA5EC2B50CB85BC327BF3E6B /* Pods_rIpMoviesTests.framework in Frameworks */ = {isa = PBXBuildFile; fileRef = AFE9753DD6527883FC2CE6A3 /* Pods_rIpMoviesTests.framework */; };
		F294D58AA568F632376796B9 /* Pods_rIpMovies_rIpMoviesUITests.framework in Frameworks */ = {isa = PBXBuildFile; fileRef = 801752ED340F56C6EB430B04 /* Pods_rIpMovies_rIpMoviesUITests.framework */; };
/* End PBXBuildFile section */

/* Begin PBXContainerItemProxy section */
		24568E8923E0EC8300EEC00F /* PBXContainerItemProxy */ = {
			isa = PBXContainerItemProxy;
			containerPortal = 24568E6A23E0EC8100EEC00F /* Project object */;
			proxyType = 1;
			remoteGlobalIDString = 24568E7123E0EC8100EEC00F;
			remoteInfo = rIpMovies;
		};
		24568E9423E0EC8300EEC00F /* PBXContainerItemProxy */ = {
			isa = PBXContainerItemProxy;
			containerPortal = 24568E6A23E0EC8100EEC00F /* Project object */;
			proxyType = 1;
			remoteGlobalIDString = 24568E7123E0EC8100EEC00F;
			remoteInfo = rIpMovies;
		};
/* End PBXContainerItemProxy section */

/* Begin PBXFileReference section */
		243AEE0223EA3DAF00709E9D /* MovieDetailsViewController.swift */ = {isa = PBXFileReference; lastKnownFileType = sourcecode.swift; path = MovieDetailsViewController.swift; sourceTree = "<group>"; };
		243AEE0423EA4B1100709E9D /* MovieGridViewController.swift */ = {isa = PBXFileReference; lastKnownFileType = sourcecode.swift; path = MovieGridViewController.swift; sourceTree = "<group>"; };
		243AEE0623EA5D2500709E9D /* MovieGridCell.swift */ = {isa = PBXFileReference; lastKnownFileType = sourcecode.swift; path = MovieGridCell.swift; sourceTree = "<group>"; };
		24568E7223E0EC8100EEC00F /* rIpMovies.app */ = {isa = PBXFileReference; explicitFileType = wrapper.application; includeInIndex = 0; path = rIpMovies.app; sourceTree = BUILT_PRODUCTS_DIR; };
		24568E7523E0EC8100EEC00F /* AppDelegate.swift */ = {isa = PBXFileReference; lastKnownFileType = sourcecode.swift; path = AppDelegate.swift; sourceTree = "<group>"; };
		24568E7723E0EC8100EEC00F /* SceneDelegate.swift */ = {isa = PBXFileReference; lastKnownFileType = sourcecode.swift; path = SceneDelegate.swift; sourceTree = "<group>"; };
		24568E7C23E0EC8100EEC00F /* Base */ = {isa = PBXFileReference; lastKnownFileType = file.storyboard; name = Base; path = Base.lproj/Main.storyboard; sourceTree = "<group>"; };
		24568E7E23E0EC8300EEC00F /* Assets.xcassets */ = {isa = PBXFileReference; lastKnownFileType = folder.assetcatalog; path = Assets.xcassets; sourceTree = "<group>"; };
		24568E8123E0EC8300EEC00F /* Base */ = {isa = PBXFileReference; lastKnownFileType = file.storyboard; name = Base; path = Base.lproj/LaunchScreen.storyboard; sourceTree = "<group>"; };
		24568E8323E0EC8300EEC00F /* Info.plist */ = {isa = PBXFileReference; lastKnownFileType = text.plist.xml; path = Info.plist; sourceTree = "<group>"; };
		24568E8823E0EC8300EEC00F /* rIpMoviesTests.xctest */ = {isa = PBXFileReference; explicitFileType = wrapper.cfbundle; includeInIndex = 0; path = rIpMoviesTests.xctest; sourceTree = BUILT_PRODUCTS_DIR; };
		24568E8C23E0EC8300EEC00F /* rIpMoviesTests.swift */ = {isa = PBXFileReference; lastKnownFileType = sourcecode.swift; path = rIpMoviesTests.swift; sourceTree = "<group>"; };
		24568E8E23E0EC8300EEC00F /* Info.plist */ = {isa = PBXFileReference; lastKnownFileType = text.plist.xml; path = Info.plist; sourceTree = "<group>"; };
		24568E9323E0EC8300EEC00F /* rIpMoviesUITests.xctest */ = {isa = PBXFileReference; explicitFileType = wrapper.cfbundle; includeInIndex = 0; path = rIpMoviesUITests.xctest; sourceTree = BUILT_PRODUCTS_DIR; };
		24568E9723E0EC8300EEC00F /* rIpMoviesUITests.swift */ = {isa = PBXFileReference; lastKnownFileType = sourcecode.swift; path = rIpMoviesUITests.swift; sourceTree = "<group>"; };
		24568E9923E0EC8300EEC00F /* Info.plist */ = {isa = PBXFileReference; lastKnownFileType = text.plist.xml; path = Info.plist; sourceTree = "<group>"; };
		24568EA523E0FB4600EEC00F /* ripMoviesViewController.swift */ = {isa = PBXFileReference; lastKnownFileType = sourcecode.swift; path = ripMoviesViewController.swift; sourceTree = "<group>"; };
		24568EA723E104ED00EEC00F /* movieCell.swift */ = {isa = PBXFileReference; lastKnownFileType = sourcecode.swift; path = movieCell.swift; sourceTree = "<group>"; };
		377A8E5E75DF0F60E3382911 /* Pods-rIpMoviesTests.release.xcconfig */ = {isa = PBXFileReference; includeInIndex = 1; lastKnownFileType = text.xcconfig; name = "Pods-rIpMoviesTests.release.xcconfig"; path = "Target Support Files/Pods-rIpMoviesTests/Pods-rIpMoviesTests.release.xcconfig"; sourceTree = "<group>"; };
		801752ED340F56C6EB430B04 /* Pods_rIpMovies_rIpMoviesUITests.framework */ = {isa = PBXFileReference; explicitFileType = wrapper.framework; includeInIndex = 0; path = Pods_rIpMovies_rIpMoviesUITests.framework; sourceTree = BUILT_PRODUCTS_DIR; };
		8CB9ACC57CA28879FBD83448 /* Pods_rIpMovies.framework */ = {isa = PBXFileReference; explicitFileType = wrapper.framework; includeInIndex = 0; path = Pods_rIpMovies.framework; sourceTree = BUILT_PRODUCTS_DIR; };
		925776DDB65E4188C444E3FE /* Pods-rIpMovies-rIpMoviesUITests.debug.xcconfig */ = {isa = PBXFileReference; includeInIndex = 1; lastKnownFileType = text.xcconfig; name = "Pods-rIpMovies-rIpMoviesUITests.debug.xcconfig"; path = "Target Support Files/Pods-rIpMovies-rIpMoviesUITests/Pods-rIpMovies-rIpMoviesUITests.debug.xcconfig"; sourceTree = "<group>"; };
		9588C52D2ECC051D24687C61 /* Pods-rIpMovies.release.xcconfig */ = {isa = PBXFileReference; includeInIndex = 1; lastKnownFileType = text.xcconfig; name = "Pods-rIpMovies.release.xcconfig"; path = "Target Support Files/Pods-rIpMovies/Pods-rIpMovies.release.xcconfig"; sourceTree = "<group>"; };
		9DE59CC336E61999E8F34E4B /* Pods-rIpMovies.debug.xcconfig */ = {isa = PBXFileReference; includeInIndex = 1; lastKnownFileType = text.xcconfig; name = "Pods-rIpMovies.debug.xcconfig"; path = "Target Support Files/Pods-rIpMovies/Pods-rIpMovies.debug.xcconfig"; sourceTree = "<group>"; };
		AFE9753DD6527883FC2CE6A3 /* Pods_rIpMoviesTests.framework */ = {isa = PBXFileReference; explicitFileType = wrapper.framework; includeInIndex = 0; path = Pods_rIpMoviesTests.framework; sourceTree = BUILT_PRODUCTS_DIR; };
		CE540C3DF18BC659FA63537D /* Pods-rIpMovies-rIpMoviesUITests.release.xcconfig */ = {isa = PBXFileReference; includeInIndex = 1; lastKnownFileType = text.xcconfig; name = "Pods-rIpMovies-rIpMoviesUITests.release.xcconfig"; path = "Target Support Files/Pods-rIpMovies-rIpMoviesUITests/Pods-rIpMovies-rIpMoviesUITests.release.xcconfig"; sourceTree = "<group>"; };
		D2327501528104FC939E0B98 /* Pods-rIpMoviesTests.debug.xcconfig */ = {isa = PBXFileReference; includeInIndex = 1; lastKnownFileType = text.xcconfig; name = "Pods-rIpMoviesTests.debug.xcconfig"; path = "Target Support Files/Pods-rIpMoviesTests/Pods-rIpMoviesTests.debug.xcconfig"; sourceTree = "<group>"; };
/* End PBXFileReference section */

/* Begin PBXFrameworksBuildPhase section */
		24568E6F23E0EC8100EEC00F /* Frameworks */ = {
			isa = PBXFrameworksBuildPhase;
			buildActionMask = 2147483647;
			files = (
				13199A437CE99B14BDD5EABA /* Pods_rIpMovies.framework in Frameworks */,
			);
			runOnlyForDeploymentPostprocessing = 0;
		};
		24568E8523E0EC8300EEC00F /* Frameworks */ = {
			isa = PBXFrameworksBuildPhase;
			buildActionMask = 2147483647;
			files = (
				AA5EC2B50CB85BC327BF3E6B /* Pods_rIpMoviesTests.framework in Frameworks */,
			);
			runOnlyForDeploymentPostprocessing = 0;
		};
		24568E9023E0EC8300EEC00F /* Frameworks */ = {
			isa = PBXFrameworksBuildPhase;
			buildActionMask = 2147483647;
			files = (
				F294D58AA568F632376796B9 /* Pods_rIpMovies_rIpMoviesUITests.framework in Frameworks */,
			);
			runOnlyForDeploymentPostprocessing = 0;
		};
/* End PBXFrameworksBuildPhase section */

/* Begin PBXGroup section */
		24568E6923E0EC8100EEC00F = {
			isa = PBXGroup;
			children = (
				24568E7423E0EC8100EEC00F /* rIpMovies */,
				24568E8B23E0EC8300EEC00F /* rIpMoviesTests */,
				24568E9623E0EC8300EEC00F /* rIpMoviesUITests */,
				24568E7323E0EC8100EEC00F /* Products */,
				E8772990A4CE0C5F84B9843A /* Pods */,
				B16C566D33F8BA44F744056B /* Frameworks */,
			);
			sourceTree = "<group>";
		};
		24568E7323E0EC8100EEC00F /* Products */ = {
			isa = PBXGroup;
			children = (
				24568E7223E0EC8100EEC00F /* rIpMovies.app */,
				24568E8823E0EC8300EEC00F /* rIpMoviesTests.xctest */,
				24568E9323E0EC8300EEC00F /* rIpMoviesUITests.xctest */,
			);
			name = Products;
			sourceTree = "<group>";
		};
		24568E7423E0EC8100EEC00F /* rIpMovies */ = {
			isa = PBXGroup;
			children = (
				24568E7523E0EC8100EEC00F /* AppDelegate.swift */,
				24568E7723E0EC8100EEC00F /* SceneDelegate.swift */,
				24568EA523E0FB4600EEC00F /* ripMoviesViewController.swift */,
				24568EA723E104ED00EEC00F /* movieCell.swift */,
				24568E7B23E0EC8100EEC00F /* Main.storyboard */,
				243AEE0223EA3DAF00709E9D /* MovieDetailsViewController.swift */,
				243AEE0423EA4B1100709E9D /* MovieGridViewController.swift */,
				243AEE0623EA5D2500709E9D /* MovieGridCell.swift */,
				24568E7E23E0EC8300EEC00F /* Assets.xcassets */,
				24568E8023E0EC8300EEC00F /* LaunchScreen.storyboard */,
				24568E8323E0EC8300EEC00F /* Info.plist */,
			);
			path = rIpMovies;
			sourceTree = "<group>";
		};
		24568E8B23E0EC8300EEC00F /* rIpMoviesTests */ = {
			isa = PBXGroup;
			children = (
				24568E8C23E0EC8300EEC00F /* rIpMoviesTests.swift */,
				24568E8E23E0EC8300EEC00F /* Info.plist */,
			);
			path = rIpMoviesTests;
			sourceTree = "<group>";
		};
		24568E9623E0EC8300EEC00F /* rIpMoviesUITests */ = {
			isa = PBXGroup;
			children = (
				24568E9723E0EC8300EEC00F /* rIpMoviesUITests.swift */,
				24568E9923E0EC8300EEC00F /* Info.plist */,
			);
			path = rIpMoviesUITests;
			sourceTree = "<group>";
		};
		B16C566D33F8BA44F744056B /* Frameworks */ = {
			isa = PBXGroup;
			children = (
				8CB9ACC57CA28879FBD83448 /* Pods_rIpMovies.framework */,
				801752ED340F56C6EB430B04 /* Pods_rIpMovies_rIpMoviesUITests.framework */,
				AFE9753DD6527883FC2CE6A3 /* Pods_rIpMoviesTests.framework */,
			);
			name = Frameworks;
			sourceTree = "<group>";
		};
		E8772990A4CE0C5F84B9843A /* Pods */ = {
			isa = PBXGroup;
			children = (
				9DE59CC336E61999E8F34E4B /* Pods-rIpMovies.debug.xcconfig */,
				9588C52D2ECC051D24687C61 /* Pods-rIpMovies.release.xcconfig */,
				925776DDB65E4188C444E3FE /* Pods-rIpMovies-rIpMoviesUITests.debug.xcconfig */,
				CE540C3DF18BC659FA63537D /* Pods-rIpMovies-rIpMoviesUITests.release.xcconfig */,
				D2327501528104FC939E0B98 /* Pods-rIpMoviesTests.debug.xcconfig */,
				377A8E5E75DF0F60E3382911 /* Pods-rIpMoviesTests.release.xcconfig */,
			);
			path = Pods;
			sourceTree = "<group>";
		};
/* End PBXGroup section */

/* Begin PBXNativeTarget section */
		24568E7123E0EC8100EEC00F /* rIpMovies */ = {
			isa = PBXNativeTarget;
			buildConfigurationList = 24568E9C23E0EC8300EEC00F /* Build configuration list for PBXNativeTarget "rIpMovies" */;
			buildPhases = (
				FA1A856F2FA65EE2A4F00306 /* [CP] Check Pods Manifest.lock */,
				24568E6E23E0EC8100EEC00F /* Sources */,
				24568E6F23E0EC8100EEC00F /* Frameworks */,
				24568E7023E0EC8100EEC00F /* Resources */,
				7C50A73E47F32B9F56AA6FBC /* [CP] Embed Pods Frameworks */,
			);
			buildRules = (
			);
			dependencies = (
			);
			name = rIpMovies;
			productName = rIpMovies;
			productReference = 24568E7223E0EC8100EEC00F /* rIpMovies.app */;
			productType = "com.apple.product-type.application";
		};
		24568E8723E0EC8300EEC00F /* rIpMoviesTests */ = {
			isa = PBXNativeTarget;
			buildConfigurationList = 24568E9F23E0EC8300EEC00F /* Build configuration list for PBXNativeTarget "rIpMoviesTests" */;
			buildPhases = (
				BF6AD47EF61262D2EBBCBB2F /* [CP] Check Pods Manifest.lock */,
				24568E8423E0EC8300EEC00F /* Sources */,
				24568E8523E0EC8300EEC00F /* Frameworks */,
				24568E8623E0EC8300EEC00F /* Resources */,
			);
			buildRules = (
			);
			dependencies = (
				24568E8A23E0EC8300EEC00F /* PBXTargetDependency */,
			);
			name = rIpMoviesTests;
			productName = rIpMoviesTests;
			productReference = 24568E8823E0EC8300EEC00F /* rIpMoviesTests.xctest */;
			productType = "com.apple.product-type.bundle.unit-test";
		};
		24568E9223E0EC8300EEC00F /* rIpMoviesUITests */ = {
			isa = PBXNativeTarget;
			buildConfigurationList = 24568EA223E0EC8300EEC00F /* Build configuration list for PBXNativeTarget "rIpMoviesUITests" */;
			buildPhases = (
				E3169D80EAA55D3F8FF73DEF /* [CP] Check Pods Manifest.lock */,
				24568E8F23E0EC8300EEC00F /* Sources */,
				24568E9023E0EC8300EEC00F /* Frameworks */,
				24568E9123E0EC8300EEC00F /* Resources */,
				D42E1B8FA8B548E872F66D14 /* [CP] Embed Pods Frameworks */,
			);
			buildRules = (
			);
			dependencies = (
				24568E9523E0EC8300EEC00F /* PBXTargetDependency */,
			);
			name = rIpMoviesUITests;
			productName = rIpMoviesUITests;
			productReference = 24568E9323E0EC8300EEC00F /* rIpMoviesUITests.xctest */;
			productType = "com.apple.product-type.bundle.ui-testing";
		};
/* End PBXNativeTarget section */

/* Begin PBXProject section */
		24568E6A23E0EC8100EEC00F /* Project object */ = {
			isa = PBXProject;
			attributes = {
				LastSwiftUpdateCheck = 1130;
				LastUpgradeCheck = 1130;
				ORGANIZATIONNAME = "Mohamed S Ahmed";
				TargetAttributes = {
					24568E7123E0EC8100EEC00F = {
						CreatedOnToolsVersion = 11.3.1;
					};
					24568E8723E0EC8300EEC00F = {
						CreatedOnToolsVersion = 11.3.1;
						TestTargetID = 24568E7123E0EC8100EEC00F;
					};
					24568E9223E0EC8300EEC00F = {
						CreatedOnToolsVersion = 11.3.1;
						TestTargetID = 24568E7123E0EC8100EEC00F;
					};
				};
			};
			buildConfigurationList = 24568E6D23E0EC8100EEC00F /* Build configuration list for PBXProject "rIpMovies" */;
			compatibilityVersion = "Xcode 9.3";
			developmentRegion = en;
			hasScannedForEncodings = 0;
			knownRegions = (
				en,
				Base,
			);
			mainGroup = 24568E6923E0EC8100EEC00F;
			productRefGroup = 24568E7323E0EC8100EEC00F /* Products */;
			projectDirPath = "";
			projectRoot = "";
			targets = (
				24568E7123E0EC8100EEC00F /* rIpMovies */,
				24568E8723E0EC8300EEC00F /* rIpMoviesTests */,
				24568E9223E0EC8300EEC00F /* rIpMoviesUITests */,
			);
		};
/* End PBXProject section */

/* Begin PBXResourcesBuildPhase section */
		24568E7023E0EC8100EEC00F /* Resources */ = {
			isa = PBXResourcesBuildPhase;
			buildActionMask = 2147483647;
			files = (
				24568E8223E0EC8300EEC00F /* LaunchScreen.storyboard in Resources */,
				24568E7F23E0EC8300EEC00F /* Assets.xcassets in Resources */,
				24568E7D23E0EC8100EEC00F /* Main.storyboard in Resources */,
			);
			runOnlyForDeploymentPostprocessing = 0;
		};
		24568E8623E0EC8300EEC00F /* Resources */ = {
			isa = PBXResourcesBuildPhase;
			buildActionMask = 2147483647;
			files = (
			);
			runOnlyForDeploymentPostprocessing = 0;
		};
		24568E9123E0EC8300EEC00F /* Resources */ = {
			isa = PBXResourcesBuildPhase;
			buildActionMask = 2147483647;
			files = (
			);
			runOnlyForDeploymentPostprocessing = 0;
		};
/* End PBXResourcesBuildPhase section */

/* Begin PBXShellScriptBuildPhase section */
		7C50A73E47F32B9F56AA6FBC /* [CP] Embed Pods Frameworks */ = {
			isa = PBXShellScriptBuildPhase;
			buildActionMask = 2147483647;
			files = (
			);
			inputFileListPaths = (
				"${PODS_ROOT}/Target Support Files/Pods-rIpMovies/Pods-rIpMovies-frameworks-${CONFIGURATION}-input-files.xcfilelist",
			);
			name = "[CP] Embed Pods Frameworks";
			outputFileListPaths = (
				"${PODS_ROOT}/Target Support Files/Pods-rIpMovies/Pods-rIpMovies-frameworks-${CONFIGURATION}-output-files.xcfilelist",
			);
			runOnlyForDeploymentPostprocessing = 0;
			shellPath = /bin/sh;
			shellScript = "\"${PODS_ROOT}/Target Support Files/Pods-rIpMovies/Pods-rIpMovies-frameworks.sh\"\n";
			showEnvVarsInLog = 0;
		};
		BF6AD47EF61262D2EBBCBB2F /* [CP] Check Pods Manifest.lock */ = {
			isa = PBXShellScriptBuildPhase;
			buildActionMask = 2147483647;
			files = (
			);
			inputFileListPaths = (
			);
			inputPaths = (
				"${PODS_PODFILE_DIR_PATH}/Podfile.lock",
				"${PODS_ROOT}/Manifest.lock",
			);
			name = "[CP] Check Pods Manifest.lock";
			outputFileListPaths = (
			);
			outputPaths = (
				"$(DERIVED_FILE_DIR)/Pods-rIpMoviesTests-checkManifestLockResult.txt",
			);
			runOnlyForDeploymentPostprocessing = 0;
			shellPath = /bin/sh;
			shellScript = "diff \"${PODS_PODFILE_DIR_PATH}/Podfile.lock\" \"${PODS_ROOT}/Manifest.lock\" > /dev/null\nif [ $? != 0 ] ; then\n    # print error to STDERR\n    echo \"error: The sandbox is not in sync with the Podfile.lock. Run 'pod install' or update your CocoaPods installation.\" >&2\n    exit 1\nfi\n# This output is used by Xcode 'outputs' to avoid re-running this script phase.\necho \"SUCCESS\" > \"${SCRIPT_OUTPUT_FILE_0}\"\n";
			showEnvVarsInLog = 0;
		};
		D42E1B8FA8B548E872F66D14 /* [CP] Embed Pods Frameworks */ = {
			isa = PBXShellScriptBuildPhase;
			buildActionMask = 2147483647;
			files = (
			);
			inputFileListPaths = (
				"${PODS_ROOT}/Target Support Files/Pods-rIpMovies-rIpMoviesUITests/Pods-rIpMovies-rIpMoviesUITests-frameworks-${CONFIGURATION}-input-files.xcfilelist",
			);
			name = "[CP] Embed Pods Frameworks";
			outputFileListPaths = (
				"${PODS_ROOT}/Target Support Files/Pods-rIpMovies-rIpMoviesUITests/Pods-rIpMovies-rIpMoviesUITests-frameworks-${CONFIGURATION}-output-files.xcfilelist",
			);
			runOnlyForDeploymentPostprocessing = 0;
			shellPath = /bin/sh;
			shellScript = "\"${PODS_ROOT}/Target Support Files/Pods-rIpMovies-rIpMoviesUITests/Pods-rIpMovies-rIpMoviesUITests-frameworks.sh\"\n";
			showEnvVarsInLog = 0;
		};
		E3169D80EAA55D3F8FF73DEF /* [CP] Check Pods Manifest.lock */ = {
			isa = PBXShellScriptBuildPhase;
			buildActionMask = 2147483647;
			files = (
			);
			inputFileListPaths = (
			);
			inputPaths = (
				"${PODS_PODFILE_DIR_PATH}/Podfile.lock",
				"${PODS_ROOT}/Manifest.lock",
			);
			name = "[CP] Check Pods Manifest.lock";
			outputFileListPaths = (
			);
			outputPaths = (
				"$(DERIVED_FILE_DIR)/Pods-rIpMovies-rIpMoviesUITests-checkManifestLockResult.txt",
			);
			runOnlyForDeploymentPostprocessing = 0;
			shellPath = /bin/sh;
			shellScript = "diff \"${PODS_PODFILE_DIR_PATH}/Podfile.lock\" \"${PODS_ROOT}/Manifest.lock\" > /dev/null\nif [ $? != 0 ] ; then\n    # print error to STDERR\n    echo \"error: The sandbox is not in sync with the Podfile.lock. Run 'pod install' or update your CocoaPods installation.\" >&2\n    exit 1\nfi\n# This output is used by Xcode 'outputs' to avoid re-running this script phase.\necho \"SUCCESS\" > \"${SCRIPT_OUTPUT_FILE_0}\"\n";
			showEnvVarsInLog = 0;
		};
		FA1A856F2FA65EE2A4F00306 /* [CP] Check Pods Manifest.lock */ = {
			isa = PBXShellScriptBuildPhase;
			buildActionMask = 2147483647;
			files = (
			);
			inputFileListPaths = (
			);
			inputPaths = (
				"${PODS_PODFILE_DIR_PATH}/Podfile.lock",
				"${PODS_ROOT}/Manifest.lock",
			);
			name = "[CP] Check Pods Manifest.lock";
			outputFileListPaths = (
			);
			outputPaths = (
				"$(DERIVED_FILE_DIR)/Pods-rIpMovies-checkManifestLockResult.txt",
			);
			runOnlyForDeploymentPostprocessing = 0;
			shellPath = /bin/sh;
			shellScript = "diff \"${PODS_PODFILE_DIR_PATH}/Podfile.lock\" \"${PODS_ROOT}/Manifest.lock\" > /dev/null\nif [ $? != 0 ] ; then\n    # print error to STDERR\n    echo \"error: The sandbox is not in sync with the Podfile.lock. Run 'pod install' or update your CocoaPods installation.\" >&2\n    exit 1\nfi\n# This output is used by Xcode 'outputs' to avoid re-running this script phase.\necho \"SUCCESS\" > \"${SCRIPT_OUTPUT_FILE_0}\"\n";
			showEnvVarsInLog = 0;
		};
/* End PBXShellScriptBuildPhase section */

/* Begin PBXSourcesBuildPhase section */
		24568E6E23E0EC8100EEC00F /* Sources */ = {
			isa = PBXSourcesBuildPhase;
			buildActionMask = 2147483647;
			files = (
				243AEE0323EA3DAF00709E9D /* MovieDetailsViewController.swift in Sources */,
				24568E7623E0EC8100EEC00F /* AppDelegate.swift in Sources */,
				24568E7823E0EC8100EEC00F /* SceneDelegate.swift in Sources */,
				24568EA823E104ED00EEC00F /* movieCell.swift in Sources */,
				24568EA623E0FB4600EEC00F /* ripMoviesViewController.swift in Sources */,
				243AEE0523EA4B1100709E9D /* MovieGridViewController.swift in Sources */,
				243AEE0723EA5D2500709E9D /* MovieGridCell.swift in Sources */,
			);
			runOnlyForDeploymentPostprocessing = 0;
		};
		24568E8423E0EC8300EEC00F /* Sources */ = {
			isa = PBXSourcesBuildPhase;
			buildActionMask = 2147483647;
			files = (
				24568E8D23E0EC8300EEC00F /* rIpMoviesTests.swift in Sources */,
			);
			runOnlyForDeploymentPostprocessing = 0;
		};
		24568E8F23E0EC8300EEC00F /* Sources */ = {
			isa = PBXSourcesBuildPhase;
			buildActionMask = 2147483647;
			files = (
				24568E9823E0EC8300EEC00F /* rIpMoviesUITests.swift in Sources */,
			);
			runOnlyForDeploymentPostprocessing = 0;
		};
/* End PBXSourcesBuildPhase section */

/* Begin PBXTargetDependency section */
		24568E8A23E0EC8300EEC00F /* PBXTargetDependency */ = {
			isa = PBXTargetDependency;
			target = 24568E7123E0EC8100EEC00F /* rIpMovies */;
			targetProxy = 24568E8923E0EC8300EEC00F /* PBXContainerItemProxy */;
		};
		24568E9523E0EC8300EEC00F /* PBXTargetDependency */ = {
			isa = PBXTargetDependency;
			target = 24568E7123E0EC8100EEC00F /* rIpMovies */;
			targetProxy = 24568E9423E0EC8300EEC00F /* PBXContainerItemProxy */;
		};
/* End PBXTargetDependency section */

/* Begin PBXVariantGroup section */
		24568E7B23E0EC8100EEC00F /* Main.storyboard */ = {
			isa = PBXVariantGroup;
			children = (
				24568E7C23E0EC8100EEC00F /* Base */,
			);
			name = Main.storyboard;
			sourceTree = "<group>";
		};
		24568E8023E0EC8300EEC00F /* LaunchScreen.storyboard */ = {
			isa = PBXVariantGroup;
			children = (
				24568E8123E0EC8300EEC00F /* Base */,
			);
			name = LaunchScreen.storyboard;
			sourceTree = "<group>";
		};
/* End PBXVariantGroup section */

/* Begin XCBuildConfiguration section */
		24568E9A23E0EC8300EEC00F /* Debug */ = {
			isa = XCBuildConfiguration;
			buildSettings = {
				ALWAYS_SEARCH_USER_PATHS = NO;
				CLANG_ANALYZER_NONNULL = YES;
				CLANG_ANALYZER_NUMBER_OBJECT_CONVERSION = YES_AGGRESSIVE;
				CLANG_CXX_LANGUAGE_STANDARD = "gnu++14";
				CLANG_CXX_LIBRARY = "libc++";
				CLANG_ENABLE_MODULES = YES;
				CLANG_ENABLE_OBJC_ARC = YES;
				CLANG_ENABLE_OBJC_WEAK = YES;
				CLANG_WARN_BLOCK_CAPTURE_AUTORELEASING = YES;
				CLANG_WARN_BOOL_CONVERSION = YES;
				CLANG_WARN_COMMA = YES;
				CLANG_WARN_CONSTANT_CONVERSION = YES;
				CLANG_WARN_DEPRECATED_OBJC_IMPLEMENTATIONS = YES;
				CLANG_WARN_DIRECT_OBJC_ISA_USAGE = YES_ERROR;
				CLANG_WARN_DOCUMENTATION_COMMENTS = YES;
				CLANG_WARN_EMPTY_BODY = YES;
				CLANG_WARN_ENUM_CONVERSION = YES;
				CLANG_WARN_INFINITE_RECURSION = YES;
				CLANG_WARN_INT_CONVERSION = YES;
				CLANG_WARN_NON_LITERAL_NULL_CONVERSION = YES;
				CLANG_WARN_OBJC_IMPLICIT_RETAIN_SELF = YES;
				CLANG_WARN_OBJC_LITERAL_CONVERSION = YES;
				CLANG_WARN_OBJC_ROOT_CLASS = YES_ERROR;
				CLANG_WARN_RANGE_LOOP_ANALYSIS = YES;
				CLANG_WARN_STRICT_PROTOTYPES = YES;
				CLANG_WARN_SUSPICIOUS_MOVE = YES;
				CLANG_WARN_UNGUARDED_AVAILABILITY = YES_AGGRESSIVE;
				CLANG_WARN_UNREACHABLE_CODE = YES;
				CLANG_WARN__DUPLICATE_METHOD_MATCH = YES;
				COPY_PHASE_STRIP = NO;
				DEBUG_INFORMATION_FORMAT = dwarf;
				ENABLE_STRICT_OBJC_MSGSEND = YES;
				ENABLE_TESTABILITY = YES;
				GCC_C_LANGUAGE_STANDARD = gnu11;
				GCC_DYNAMIC_NO_PIC = NO;
				GCC_NO_COMMON_BLOCKS = YES;
				GCC_OPTIMIZATION_LEVEL = 0;
				GCC_PREPROCESSOR_DEFINITIONS = (
					"DEBUG=1",
					"$(inherited)",
				);
				GCC_WARN_64_TO_32_BIT_CONVERSION = YES;
				GCC_WARN_ABOUT_RETURN_TYPE = YES_ERROR;
				GCC_WARN_UNDECLARED_SELECTOR = YES;
				GCC_WARN_UNINITIALIZED_AUTOS = YES_AGGRESSIVE;
				GCC_WARN_UNUSED_FUNCTION = YES;
				GCC_WARN_UNUSED_VARIABLE = YES;
				IPHONEOS_DEPLOYMENT_TARGET = 13.2;
				MTL_ENABLE_DEBUG_INFO = INCLUDE_SOURCE;
				MTL_FAST_MATH = YES;
				ONLY_ACTIVE_ARCH = YES;
				SDKROOT = iphoneos;
				SWIFT_ACTIVE_COMPILATION_CONDITIONS = DEBUG;
				SWIFT_OPTIMIZATION_LEVEL = "-Onone";
			};
			name = Debug;
		};
		24568E9B23E0EC8300EEC00F /* Release */ = {
			isa = XCBuildConfiguration;
			buildSettings = {
				ALWAYS_SEARCH_USER_PATHS = NO;
				CLANG_ANALYZER_NONNULL = YES;
				CLANG_ANALYZER_NUMBER_OBJECT_CONVERSION = YES_AGGRESSIVE;
				CLANG_CXX_LANGUAGE_STANDARD = "gnu++14";
				CLANG_CXX_LIBRARY = "libc++";
				CLANG_ENABLE_MODULES = YES;
				CLANG_ENABLE_OBJC_ARC = YES;
				CLANG_ENABLE_OBJC_WEAK = YES;
				CLANG_WARN_BLOCK_CAPTURE_AUTORELEASING = YES;
				CLANG_WARN_BOOL_CONVERSION = YES;
				CLANG_WARN_COMMA = YES;
				CLANG_WARN_CONSTANT_CONVERSION = YES;
				CLANG_WARN_DEPRECATED_OBJC_IMPLEMENTATIONS = YES;
				CLANG_WARN_DIRECT_OBJC_ISA_USAGE = YES_ERROR;
				CLANG_WARN_DOCUMENTATION_COMMENTS = YES;
				CLANG_WARN_EMPTY_BODY = YES;
				CLANG_WARN_ENUM_CONVERSION = YES;
				CLANG_WARN_INFINITE_RECURSION = YES;
				CLANG_WARN_INT_CONVERSION = YES;
				CLANG_WARN_NON_LITERAL_NULL_CONVERSION = YES;
				CLANG_WARN_OBJC_IMPLICIT_RETAIN_SELF = YES;
				CLANG_WARN_OBJC_LITERAL_CONVERSION = YES;
				CLANG_WARN_OBJC_ROOT_CLASS = YES_ERROR;
				CLANG_WARN_RANGE_LOOP_ANALYSIS = YES;
				CLANG_WARN_STRICT_PROTOTYPES = YES;
				CLANG_WARN_SUSPICIOUS_MOVE = YES;
				CLANG_WARN_UNGUARDED_AVAILABILITY = YES_AGGRESSIVE;
				CLANG_WARN_UNREACHABLE_CODE = YES;
				CLANG_WARN__DUPLICATE_METHOD_MATCH = YES;
				COPY_PHASE_STRIP = NO;
				DEBUG_INFORMATION_FORMAT = "dwarf-with-dsym";
				ENABLE_NS_ASSERTIONS = NO;
				ENABLE_STRICT_OBJC_MSGSEND = YES;
				GCC_C_LANGUAGE_STANDARD = gnu11;
				GCC_NO_COMMON_BLOCKS = YES;
				GCC_WARN_64_TO_32_BIT_CONVERSION = YES;
				GCC_WARN_ABOUT_RETURN_TYPE = YES_ERROR;
				GCC_WARN_UNDECLARED_SELECTOR = YES;
				GCC_WARN_UNINITIALIZED_AUTOS = YES_AGGRESSIVE;
				GCC_WARN_UNUSED_FUNCTION = YES;
				GCC_WARN_UNUSED_VARIABLE = YES;
				IPHONEOS_DEPLOYMENT_TARGET = 13.2;
				MTL_ENABLE_DEBUG_INFO = NO;
				MTL_FAST_MATH = YES;
				SDKROOT = iphoneos;
				SWIFT_COMPILATION_MODE = wholemodule;
				SWIFT_OPTIMIZATION_LEVEL = "-O";
				VALIDATE_PRODUCT = YES;
			};
			name = Release;
		};
		24568E9D23E0EC8300EEC00F /* Debug */ = {
			isa = XCBuildConfiguration;
			baseConfigurationReference = 9DE59CC336E61999E8F34E4B /* Pods-rIpMovies.debug.xcconfig */;
			buildSettings = {
				ASSETCATALOG_COMPILER_APPICON_NAME = AppIcon;
				CODE_SIGN_STYLE = Automatic;
				INFOPLIST_FILE = rIpMovies/Info.plist;
				LD_RUNPATH_SEARCH_PATHS = (
					"$(inherited)",
					"@executable_path/Frameworks",
				);
				PRODUCT_BUNDLE_IDENTIFIER = com.rip.rIpMovies;
				PRODUCT_NAME = "$(TARGET_NAME)";
				SWIFT_VERSION = 5.0;
				TARGETED_DEVICE_FAMILY = "1,2";
			};
			name = Debug;
		};
		24568E9E23E0EC8300EEC00F /* Release */ = {
			isa = XCBuildConfiguration;
			baseConfigurationReference = 9588C52D2ECC051D24687C61 /* Pods-rIpMovies.release.xcconfig */;
			buildSettings = {
				ASSETCATALOG_COMPILER_APPICON_NAME = AppIcon;
				CODE_SIGN_STYLE = Automatic;
				INFOPLIST_FILE = rIpMovies/Info.plist;
				LD_RUNPATH_SEARCH_PATHS = (
					"$(inherited)",
					"@executable_path/Frameworks",
				);
				PRODUCT_BUNDLE_IDENTIFIER = com.rip.rIpMovies;
				PRODUCT_NAME = "$(TARGET_NAME)";
				SWIFT_VERSION = 5.0;
				TARGETED_DEVICE_FAMILY = "1,2";
			};
			name = Release;
		};
		24568EA023E0EC8300EEC00F /* Debug */ = {
			isa = XCBuildConfiguration;
			baseConfigurationReference = D2327501528104FC939E0B98 /* Pods-rIpMoviesTests.debug.xcconfig */;
			buildSettings = {
				ALWAYS_EMBED_SWIFT_STANDARD_LIBRARIES = YES;
				BUNDLE_LOADER = "$(TEST_HOST)";
				CODE_SIGN_STYLE = Automatic;
				INFOPLIST_FILE = rIpMoviesTests/Info.plist;
				IPHONEOS_DEPLOYMENT_TARGET = 13.2;
				LD_RUNPATH_SEARCH_PATHS = (
					"$(inherited)",
					"@executable_path/Frameworks",
					"@loader_path/Frameworks",
				);
				PRODUCT_BUNDLE_IDENTIFIER = com.rip.rIpMoviesTests;
				PRODUCT_NAME = "$(TARGET_NAME)";
				SWIFT_VERSION = 5.0;
				TARGETED_DEVICE_FAMILY = "1,2";
				TEST_HOST = "$(BUILT_PRODUCTS_DIR)/rIpMovies.app/rIpMovies";
			};
			name = Debug;
		};
		24568EA123E0EC8300EEC00F /* Release */ = {
			isa = XCBuildConfiguration;
			baseConfigurationReference = 377A8E5E75DF0F60E3382911 /* Pods-rIpMoviesTests.release.xcconfig */;
			buildSettings = {
				ALWAYS_EMBED_SWIFT_STANDARD_LIBRARIES = YES;
				BUNDLE_LOADER = "$(TEST_HOST)";
				CODE_SIGN_STYLE = Automatic;
				INFOPLIST_FILE = rIpMoviesTests/Info.plist;
				IPHONEOS_DEPLOYMENT_TARGET = 13.2;
				LD_RUNPATH_SEARCH_PATHS = (
					"$(inherited)",
					"@executable_path/Frameworks",
					"@loader_path/Frameworks",
				);
				PRODUCT_BUNDLE_IDENTIFIER = com.rip.rIpMoviesTests;
				PRODUCT_NAME = "$(TARGET_NAME)";
				SWIFT_VERSION = 5.0;
				TARGETED_DEVICE_FAMILY = "1,2";
				TEST_HOST = "$(BUILT_PRODUCTS_DIR)/rIpMovies.app/rIpMovies";
			};
			name = Release;
		};
		24568EA323E0EC8300EEC00F /* Debug */ = {
			isa = XCBuildConfiguration;
			baseConfigurationReference = 925776DDB65E4188C444E3FE /* Pods-rIpMovies-rIpMoviesUITests.debug.xcconfig */;
			buildSettings = {
				ALWAYS_EMBED_SWIFT_STANDARD_LIBRARIES = YES;
				CODE_SIGN_STYLE = Automatic;
				INFOPLIST_FILE = rIpMoviesUITests/Info.plist;
				LD_RUNPATH_SEARCH_PATHS = (
					"$(inherited)",
					"@executable_path/Frameworks",
					"@loader_path/Frameworks",
				);
				PRODUCT_BUNDLE_IDENTIFIER = com.rip.rIpMoviesUITests;
				PRODUCT_NAME = "$(TARGET_NAME)";
				SWIFT_VERSION = 5.0;
				TARGETED_DEVICE_FAMILY = "1,2";
				TEST_TARGET_NAME = rIpMovies;
			};
			name = Debug;
		};
		24568EA423E0EC8300EEC00F /* Release */ = {
			isa = XCBuildConfiguration;
			baseConfigurationReference = CE540C3DF18BC659FA63537D /* Pods-rIpMovies-rIpMoviesUITests.release.xcconfig */;
			buildSettings = {
				ALWAYS_EMBED_SWIFT_STANDARD_LIBRARIES = YES;
				CODE_SIGN_STYLE = Automatic;
				INFOPLIST_FILE = rIpMoviesUITests/Info.plist;
				LD_RUNPATH_SEARCH_PATHS = (
					"$(inherited)",
					"@executable_path/Frameworks",
					"@loader_path/Frameworks",
				);
				PRODUCT_BUNDLE_IDENTIFIER = com.rip.rIpMoviesUITests;
				PRODUCT_NAME = "$(TARGET_NAME)";
				SWIFT_VERSION = 5.0;
				TARGETED_DEVICE_FAMILY = "1,2";
				TEST_TARGET_NAME = rIpMovies;
			};
			name = Release;
		};
/* End XCBuildConfiguration section */

/* Begin XCConfigurationList section */
		24568E6D23E0EC8100EEC00F /* Build configuration list for PBXProject "rIpMovies" */ = {
			isa = XCConfigurationList;
			buildConfigurations = (
				24568E9A23E0EC8300EEC00F /* Debug */,
				24568E9B23E0EC8300EEC00F /* Release */,
			);
			defaultConfigurationIsVisible = 0;
			defaultConfigurationName = Release;
		};
		24568E9C23E0EC8300EEC00F /* Build configuration list for PBXNativeTarget "rIpMovies" */ = {
			isa = XCConfigurationList;
			buildConfigurations = (
				24568E9D23E0EC8300EEC00F /* Debug */,
				24568E9E23E0EC8300EEC00F /* Release */,
			);
			defaultConfigurationIsVisible = 0;
			defaultConfigurationName = Release;
		};
		24568E9F23E0EC8300EEC00F /* Build configuration list for PBXNativeTarget "rIpMoviesTests" */ = {
			isa = XCConfigurationList;
			buildConfigurations = (
				24568EA023E0EC8300EEC00F /* Debug */,
				24568EA123E0EC8300EEC00F /* Release */,
			);
			defaultConfigurationIsVisible = 0;
			defaultConfigurationName = Release;
		};
		24568EA223E0EC8300EEC00F /* Build configuration list for PBXNativeTarget "rIpMoviesUITests" */ = {
			isa = XCConfigurationList;
			buildConfigurations = (
				24568EA323E0EC8300EEC00F /* Debug */,
				24568EA423E0EC8300EEC00F /* Release */,
			);
			defaultConfigurationIsVisible = 0;
			defaultConfigurationName = Release;
		};
/* End XCConfigurationList section */
	};
	rootObject = 24568E6A23E0EC8100EEC00F /* Project object */;
}
